
Microsoft Visual Studio Solution File, Format Version 12.00
# Visual Studio Version 16
VisualStudioVersion = 16.0.31515.178
MinimumVisualStudioVersion = 10.0.40219.1
Project("{FAE04EC0-301F-11D3-BF4B-00C04F79EFBC}") = "ACT_Adder", "ACT_Adder.csproj", "{0991C9AE-84A1-4A6D-B03F-6F9B75F24024}"
EndProject
Global
	GlobalSection(SolutionConfigurationPlatforms) = preSolution
		Debug|Any CPU = Debug|Any CPU
		Release|Any CPU = Release|Any CPU
	EndGlobalSection
	GlobalSection(ProjectConfigurationPlatforms) = postSolution
		{0991C9AE-84A1-4A6D-B03F-6F9B75F24024}.Debug|Any CPU.ActiveCfg = Debug|Any CPU
		{0991C9AE-84A1-4A6D-B03F-6F9B75F24024}.Debug|Any CPU.Build.0 = Debug|Any CPU
		{0991C9AE-84A1-4A6D-B03F-6F9B75F24024}.Release|Any CPU.ActiveCfg = Release|Any CPU
		{0991C9AE-84A1-4A6D-B03F-6F9B75F24024}.Release|Any CPU.Build.0 = Release|Any CPU
	EndGlobalSection
	GlobalSection(SolutionProperties) = preSolution
		HideSolutionNode = FALSE
	EndGlobalSection
	GlobalSection(ExtensibilityGlobals) = postSolution
		SolutionGuid = {2F80EFC2-7845-4086-A8C2-D35F6C0C0C75}
	EndGlobalSection
EndGlobal
